// !$*UTF8*$!
{
	archiveVersion = 1;
	classes = {
	};
	objectVersion = 55;
	objects = {

/* Begin PBXBuildFile section */
		1B6542A6283772B800DD2350 /* AppDelegate.swift in Sources */ = {isa = PBXBuildFile; fileRef = 1B6542A5283772B800DD2350 /* AppDelegate.swift */; };
		1B6542A8283772B800DD2350 /* SceneDelegate.swift in Sources */ = {isa = PBXBuildFile; fileRef = 1B6542A7283772B800DD2350 /* SceneDelegate.swift */; };
		1B6542AA283772B800DD2350 /* MainViewController.swift in Sources */ = {isa = PBXBuildFile; fileRef = 1B6542A9283772B800DD2350 /* MainViewController.swift */; };
		1B6542AD283772B800DD2350 /* Main.storyboard in Resources */ = {isa = PBXBuildFile; fileRef = 1B6542AB283772B800DD2350 /* Main.storyboard */; };
		1B6542AF283772BB00DD2350 /* Assets.xcassets in Resources */ = {isa = PBXBuildFile; fileRef = 1B6542AE283772BB00DD2350 /* Assets.xcassets */; };
		1B6542B2283772BB00DD2350 /* LaunchScreen.storyboard in Resources */ = {isa = PBXBuildFile; fileRef = 1B6542B0283772BB00DD2350 /* LaunchScreen.storyboard */; };
		1B6542BB2837731800DD2350 /* Realm in Frameworks */ = {isa = PBXBuildFile; productRef = 1B6542BA2837731800DD2350 /* Realm */; };
		1B6542BD2837731800DD2350 /* RealmSwift in Frameworks */ = {isa = PBXBuildFile; productRef = 1B6542BC2837731800DD2350 /* RealmSwift */; };
		1B6542C02837733600DD2350 /* IQKeyboardManagerSwift in Frameworks */ = {isa = PBXBuildFile; productRef = 1B6542BF2837733600DD2350 /* IQKeyboardManagerSwift */; };
		1B6542C3283773EF00DD2350 /* FirstScreen.storyboard in Resources */ = {isa = PBXBuildFile; fileRef = 1B6542C2283773EF00DD2350 /* FirstScreen.storyboard */; };
		1B6542C6283774D800DD2350 /* FirstScreenViewController.swift in Sources */ = {isa = PBXBuildFile; fileRef = 1B6542C5283774D800DD2350 /* FirstScreenViewController.swift */; };
		1B6542C92837753500DD2350 /* Const.swift in Sources */ = {isa = PBXBuildFile; fileRef = 1B6542C82837753500DD2350 /* Const.swift */; };
		1B6542CB2837754500DD2350 /* ViewController.swift in Sources */ = {isa = PBXBuildFile; fileRef = 1B6542CA2837754500DD2350 /* ViewController.swift */; };
		1B6542CD2837769100DD2350 /* Content.storyboard in Resources */ = {isa = PBXBuildFile; fileRef = 1B6542CC2837769100DD2350 /* Content.storyboard */; };
		1B6542CF283776B000DD2350 /* ContentViewController.swift in Sources */ = {isa = PBXBuildFile; fileRef = 1B6542CE283776B000DD2350 /* ContentViewController.swift */; };
		1B833D0628387EBE009015A0 /* MemoHeaderTableView.swift in Sources */ = {isa = PBXBuildFile; fileRef = 1B833D0428387EBE009015A0 /* MemoHeaderTableView.swift */; };
		1B833D0728387EBE009015A0 /* MemoHeaderTableView.xib in Resources */ = {isa = PBXBuildFile; fileRef = 1B833D0528387EBE009015A0 /* MemoHeaderTableView.xib */; };
		1B833D102838A335009015A0 /* Toast in Frameworks */ = {isa = PBXBuildFile; productRef = 1B833D0F2838A335009015A0 /* Toast */; };
		1B833D122838A867009015A0 /* ViewController+Extentions.swift in Sources */ = {isa = PBXBuildFile; fileRef = 1B833D112838A867009015A0 /* ViewController+Extentions.swift */; };
		1B833D152838CAB1009015A0 /* SearchViewController.swift in Sources */ = {isa = PBXBuildFile; fileRef = 1B833D132838CAB1009015A0 /* SearchViewController.swift */; };
		1B913B7D283777E5007C1CE3 /* UserDefaultsManager.swift in Sources */ = {isa = PBXBuildFile; fileRef = 1B913B7C283777E5007C1CE3 /* UserDefaultsManager.swift */; };
		1B913B8028377913007C1CE3 /* RealmModel.swift in Sources */ = {isa = PBXBuildFile; fileRef = 1B913B7F28377913007C1CE3 /* RealmModel.swift */; };
		1B913B8228377BAC007C1CE3 /* UserDefaults.swift in Sources */ = {isa = PBXBuildFile; fileRef = 1B913B8128377BAC007C1CE3 /* UserDefaults.swift */; };
		1B913B8428377D09007C1CE3 /* Storyboard.swift in Sources */ = {isa = PBXBuildFile; fileRef = 1B913B8328377D09007C1CE3 /* Storyboard.swift */; };
		1B913B8828378394007C1CE3 /* MemoTableViewCell.swift in Sources */ = {isa = PBXBuildFile; fileRef = 1B913B8628378394007C1CE3 /* MemoTableViewCell.swift */; };
		1B913B8928378394007C1CE3 /* MemoTableViewCell.xib in Resources */ = {isa = PBXBuildFile; fileRef = 1B913B8728378394007C1CE3 /* MemoTableViewCell.xib */; };
		1B913B8B28378519007C1CE3 /* CustomCell.swift in Sources */ = {isa = PBXBuildFile; fileRef = 1B913B8A28378519007C1CE3 /* CustomCell.swift */; };
		1B913B8E283785BC007C1CE3 /* Date+Extentions.swift in Sources */ = {isa = PBXBuildFile; fileRef = 1B913B8D283785BC007C1CE3 /* Date+Extentions.swift */; };
		1B913B902837A2E8007C1CE3 /* RealmRepository.swift in Sources */ = {isa = PBXBuildFile; fileRef = 1B913B8F2837A2E8007C1CE3 /* RealmRepository.swift */; };
		1B913B922837A375007C1CE3 /* MemoRealmManager.swift in Sources */ = {isa = PBXBuildFile; fileRef = 1B913B912837A375007C1CE3 /* MemoRealmManager.swift */; };
		1B913B952837A816007C1CE3 /* MemoEnums.swift in Sources */ = {isa = PBXBuildFile; fileRef = 1B913B942837A816007C1CE3 /* MemoEnums.swift */; };
/* End PBXBuildFile section */

/* Begin PBXFileReference section */
		1B6542A2283772B800DD2350 /* MyMemo.app */ = {isa = PBXFileReference; explicitFileType = wrapper.application; includeInIndex = 0; path = MyMemo.app; sourceTree = BUILT_PRODUCTS_DIR; };
		1B6542A5283772B800DD2350 /* AppDelegate.swift */ = {isa = PBXFileReference; lastKnownFileType = sourcecode.swift; path = AppDelegate.swift; sourceTree = "<group>"; };
		1B6542A7283772B800DD2350 /* SceneDelegate.swift */ = {isa = PBXFileReference; lastKnownFileType = sourcecode.swift; path = SceneDelegate.swift; sourceTree = "<group>"; };
		1B6542A9283772B800DD2350 /* MainViewController.swift */ = {isa = PBXFileReference; lastKnownFileType = sourcecode.swift; path = MainViewController.swift; sourceTree = "<group>"; };
		1B6542AC283772B800DD2350 /* Base */ = {isa = PBXFileReference; lastKnownFileType = file.storyboard; name = Base; path = Base.lproj/Main.storyboard; sourceTree = "<group>"; };
		1B6542AE283772BB00DD2350 /* Assets.xcassets */ = {isa = PBXFileReference; lastKnownFileType = folder.assetcatalog; path = Assets.xcassets; sourceTree = "<group>"; };
		1B6542B1283772BB00DD2350 /* Base */ = {isa = PBXFileReference; lastKnownFileType = file.storyboard; name = Base; path = Base.lproj/LaunchScreen.storyboard; sourceTree = "<group>"; };
		1B6542B3283772BB00DD2350 /* Info.plist */ = {isa = PBXFileReference; lastKnownFileType = text.plist.xml; path = Info.plist; sourceTree = "<group>"; };
		1B6542C2283773EF00DD2350 /* FirstScreen.storyboard */ = {isa = PBXFileReference; lastKnownFileType = file.storyboard; path = FirstScreen.storyboard; sourceTree = "<group>"; };
		1B6542C5283774D800DD2350 /* FirstScreenViewController.swift */ = {isa = PBXFileReference; lastKnownFileType = sourcecode.swift; path = FirstScreenViewController.swift; sourceTree = "<group>"; };
		1B6542C82837753500DD2350 /* Const.swift */ = {isa = PBXFileReference; lastKnownFileType = sourcecode.swift; path = Const.swift; sourceTree = "<group>"; };
		1B6542CA2837754500DD2350 /* ViewController.swift */ = {isa = PBXFileReference; lastKnownFileType = sourcecode.swift; path = ViewController.swift; sourceTree = "<group>"; };
		1B6542CC2837769100DD2350 /* Content.storyboard */ = {isa = PBXFileReference; lastKnownFileType = file.storyboard; path = Content.storyboard; sourceTree = "<group>"; };
		1B6542CE283776B000DD2350 /* ContentViewController.swift */ = {isa = PBXFileReference; lastKnownFileType = sourcecode.swift; path = ContentViewController.swift; sourceTree = "<group>"; };
		1B833D0428387EBE009015A0 /* MemoHeaderTableView.swift */ = {isa = PBXFileReference; lastKnownFileType = sourcecode.swift; path = MemoHeaderTableView.swift; sourceTree = "<group>"; };
		1B833D0528387EBE009015A0 /* MemoHeaderTableView.xib */ = {isa = PBXFileReference; lastKnownFileType = file.xib; path = MemoHeaderTableView.xib; sourceTree = "<group>"; };
		1B833D112838A867009015A0 /* ViewController+Extentions.swift */ = {isa = PBXFileReference; lastKnownFileType = sourcecode.swift; path = "ViewController+Extentions.swift"; sourceTree = "<group>"; };
		1B833D132838CAB1009015A0 /* SearchViewController.swift */ = {isa = PBXFileReference; lastKnownFileType = sourcecode.swift; path = SearchViewController.swift; sourceTree = "<group>"; };
		1B913B7C283777E5007C1CE3 /* UserDefaultsManager.swift */ = {isa = PBXFileReference; lastKnownFileType = sourcecode.swift; path = UserDefaultsManager.swift; sourceTree = "<group>"; };
		1B913B7F28377913007C1CE3 /* RealmModel.swift */ = {isa = PBXFileReference; lastKnownFileType = sourcecode.swift; path = RealmModel.swift; sourceTree = "<group>"; };
		1B913B8128377BAC007C1CE3 /* UserDefaults.swift */ = {isa = PBXFileReference; lastKnownFileType = sourcecode.swift; path = UserDefaults.swift; sourceTree = "<group>"; };
		1B913B8328377D09007C1CE3 /* Storyboard.swift */ = {isa = PBXFileReference; lastKnownFileType = sourcecode.swift; path = Storyboard.swift; sourceTree = "<group>"; };
		1B913B8628378394007C1CE3 /* MemoTableViewCell.swift */ = {isa = PBXFileReference; lastKnownFileType = sourcecode.swift; path = MemoTableViewCell.swift; sourceTree = "<group>"; };
		1B913B8728378394007C1CE3 /* MemoTableViewCell.xib */ = {isa = PBXFileReference; lastKnownFileType = file.xib; path = MemoTableViewCell.xib; sourceTree = "<group>"; };
		1B913B8A28378519007C1CE3 /* CustomCell.swift */ = {isa = PBXFileReference; lastKnownFileType = sourcecode.swift; path = CustomCell.swift; sourceTree = "<group>"; };
		1B913B8D283785BC007C1CE3 /* Date+Extentions.swift */ = {isa = PBXFileReference; lastKnownFileType = sourcecode.swift; path = "Date+Extentions.swift"; sourceTree = "<group>"; };
		1B913B8F2837A2E8007C1CE3 /* RealmRepository.swift */ = {isa = PBXFileReference; lastKnownFileType = sourcecode.swift; path = RealmRepository.swift; sourceTree = "<group>"; };
		1B913B912837A375007C1CE3 /* MemoRealmManager.swift */ = {isa = PBXFileReference; lastKnownFileType = sourcecode.swift; path = MemoRealmManager.swift; sourceTree = "<group>"; };
		1B913B942837A816007C1CE3 /* MemoEnums.swift */ = {isa = PBXFileReference; lastKnownFileType = sourcecode.swift; path = MemoEnums.swift; sourceTree = "<group>"; };
/* End PBXFileReference section */

/* Begin PBXFrameworksBuildPhase section */
		1B65429F283772B800DD2350 /* Frameworks */ = {
			isa = PBXFrameworksBuildPhase;
			buildActionMask = 2147483647;
			files = (
				1B833D102838A335009015A0 /* Toast in Frameworks */,
				1B6542BD2837731800DD2350 /* RealmSwift in Frameworks */,
				1B6542BB2837731800DD2350 /* Realm in Frameworks */,
				1B6542C02837733600DD2350 /* IQKeyboardManagerSwift in Frameworks */,
			);
			runOnlyForDeploymentPostprocessing = 0;
		};
/* End PBXFrameworksBuildPhase section */

/* Begin PBXGroup section */
		1B654299283772B800DD2350 = {
			isa = PBXGroup;
			children = (
				1B6542A4283772B800DD2350 /* MyMemo */,
				1B6542A3283772B800DD2350 /* Products */,
			);
			sourceTree = "<group>";
		};
		1B6542A3283772B800DD2350 /* Products */ = {
			isa = PBXGroup;
			children = (
				1B6542A2283772B800DD2350 /* MyMemo.app */,
			);
			name = Products;
			sourceTree = "<group>";
		};
		1B6542A4283772B800DD2350 /* MyMemo */ = {
			isa = PBXGroup;
			children = (
				1B913B932837A7FD007C1CE3 /* Enums */,
				1B913B8C2837859F007C1CE3 /* Extention */,
				1B913B7E28377906007C1CE3 /* DB */,
				1B6542C72837752B00DD2350 /* Consts */,
				1B6542C4283774BA00DD2350 /* ViewController */,
				1B913B8528378368007C1CE3 /* CustomCell */,
				1B6542C1283773D300DD2350 /* Storyboard */,
				1B6542A5283772B800DD2350 /* AppDelegate.swift */,
				1B913B7C283777E5007C1CE3 /* UserDefaultsManager.swift */,
				1B6542A7283772B800DD2350 /* SceneDelegate.swift */,
				1B6542AE283772BB00DD2350 /* Assets.xcassets */,
				1B6542B0283772BB00DD2350 /* LaunchScreen.storyboard */,
				1B6542B3283772BB00DD2350 /* Info.plist */,
			);
			path = MyMemo;
			sourceTree = "<group>";
		};
		1B6542C1283773D300DD2350 /* Storyboard */ = {
			isa = PBXGroup;
			children = (
				1B6542C2283773EF00DD2350 /* FirstScreen.storyboard */,
				1B6542CC2837769100DD2350 /* Content.storyboard */,
				1B6542AB283772B800DD2350 /* Main.storyboard */,
			);
			path = Storyboard;
			sourceTree = "<group>";
		};
		1B6542C4283774BA00DD2350 /* ViewController */ = {
			isa = PBXGroup;
			children = (
				1B6542C5283774D800DD2350 /* FirstScreenViewController.swift */,
				1B6542CE283776B000DD2350 /* ContentViewController.swift */,
				1B6542A9283772B800DD2350 /* MainViewController.swift */,
				1B833D132838CAB1009015A0 /* SearchViewController.swift */,
			);
			path = ViewController;
			sourceTree = "<group>";
		};
		1B6542C72837752B00DD2350 /* Consts */ = {
			isa = PBXGroup;
			children = (
				1B6542C82837753500DD2350 /* Const.swift */,
				1B6542CA2837754500DD2350 /* ViewController.swift */,
				1B913B8128377BAC007C1CE3 /* UserDefaults.swift */,
				1B913B8328377D09007C1CE3 /* Storyboard.swift */,
				1B913B8A28378519007C1CE3 /* CustomCell.swift */,
			);
			path = Consts;
			sourceTree = "<group>";
		};
		1B913B7E28377906007C1CE3 /* DB */ = {
			isa = PBXGroup;
			children = (
				1B913B7F28377913007C1CE3 /* RealmModel.swift */,
				1B913B8F2837A2E8007C1CE3 /* RealmRepository.swift */,
				1B913B912837A375007C1CE3 /* MemoRealmManager.swift */,
			);
			path = DB;
			sourceTree = "<group>";
		};
		1B913B8528378368007C1CE3 /* CustomCell */ = {
			isa = PBXGroup;
			children = (
				1B913B8628378394007C1CE3 /* MemoTableViewCell.swift */,
				1B913B8728378394007C1CE3 /* MemoTableViewCell.xib */,
				1B833D0428387EBE009015A0 /* MemoHeaderTableView.swift */,
				1B833D0528387EBE009015A0 /* MemoHeaderTableView.xib */,
			);
			path = CustomCell;
			sourceTree = "<group>";
		};
		1B913B8C2837859F007C1CE3 /* Extention */ = {
			isa = PBXGroup;
			children = (
				1B913B8D283785BC007C1CE3 /* Date+Extentions.swift */,
				1B833D112838A867009015A0 /* ViewController+Extentions.swift */,
			);
			path = Extention;
			sourceTree = "<group>";
		};
		1B913B932837A7FD007C1CE3 /* Enums */ = {
			isa = PBXGroup;
			children = (
				1B913B942837A816007C1CE3 /* MemoEnums.swift */,
			);
			path = Enums;
			sourceTree = "<group>";
		};
/* End PBXGroup section */

/* Begin PBXNativeTarget section */
		1B6542A1283772B800DD2350 /* MyMemo */ = {
			isa = PBXNativeTarget;
			buildConfigurationList = 1B6542B6283772BB00DD2350 /* Build configuration list for PBXNativeTarget "MyMemo" */;
			buildPhases = (
				1B65429E283772B800DD2350 /* Sources */,
				1B65429F283772B800DD2350 /* Frameworks */,
				1B6542A0283772B800DD2350 /* Resources */,
			);
			buildRules = (
			);
			dependencies = (
			);
			name = MyMemo;
			packageProductDependencies = (
				1B6542BA2837731800DD2350 /* Realm */,
				1B6542BC2837731800DD2350 /* RealmSwift */,
				1B6542BF2837733600DD2350 /* IQKeyboardManagerSwift */,
				1B833D0F2838A335009015A0 /* Toast */,
			);
			productName = MyMemo;
			productReference = 1B6542A2283772B800DD2350 /* MyMemo.app */;
			productType = "com.apple.product-type.application";
		};
/* End PBXNativeTarget section */

/* Begin PBXProject section */
		1B65429A283772B800DD2350 /* Project object */ = {
			isa = PBXProject;
			attributes = {
				BuildIndependentTargetsInParallel = 1;
				LastSwiftUpdateCheck = 1330;
				LastUpgradeCheck = 1330;
				TargetAttributes = {
					1B6542A1283772B800DD2350 = {
						CreatedOnToolsVersion = 13.3.1;
					};
				};
			};
			buildConfigurationList = 1B65429D283772B800DD2350 /* Build configuration list for PBXProject "MyMemo" */;
			compatibilityVersion = "Xcode 13.0";
			developmentRegion = en;
			hasScannedForEncodings = 0;
			knownRegions = (
				en,
				Base,
			);
			mainGroup = 1B654299283772B800DD2350;
			packageReferences = (
				1B6542B92837731800DD2350 /* XCRemoteSwiftPackageReference "realm-swift" */,
				1B6542BE2837733600DD2350 /* XCRemoteSwiftPackageReference "IQKeyboardManager" */,
				1B833D0E2838A335009015A0 /* XCRemoteSwiftPackageReference "Toast-Swift" */,
			);
			productRefGroup = 1B6542A3283772B800DD2350 /* Products */;
			projectDirPath = "";
			projectRoot = "";
			targets = (
				1B6542A1283772B800DD2350 /* MyMemo */,
			);
		};
/* End PBXProject section */

/* Begin PBXResourcesBuildPhase section */
		1B6542A0283772B800DD2350 /* Resources */ = {
			isa = PBXResourcesBuildPhase;
			buildActionMask = 2147483647;
			files = (
				1B6542B2283772BB00DD2350 /* LaunchScreen.storyboard in Resources */,
				1B6542C3283773EF00DD2350 /* FirstScreen.storyboard in Resources */,
				1B833D0728387EBE009015A0 /* MemoHeaderTableView.xib in Resources */,
				1B6542AF283772BB00DD2350 /* Assets.xcassets in Resources */,
				1B913B8928378394007C1CE3 /* MemoTableViewCell.xib in Resources */,
				1B6542AD283772B800DD2350 /* Main.storyboard in Resources */,
				1B6542CD2837769100DD2350 /* Content.storyboard in Resources */,
			);
			runOnlyForDeploymentPostprocessing = 0;
		};
/* End PBXResourcesBuildPhase section */

/* Begin PBXSourcesBuildPhase section */
		1B65429E283772B800DD2350 /* Sources */ = {
			isa = PBXSourcesBuildPhase;
			buildActionMask = 2147483647;
			files = (
				1B833D0628387EBE009015A0 /* MemoHeaderTableView.swift in Sources */,
				1B6542CB2837754500DD2350 /* ViewController.swift in Sources */,
				1B913B8B28378519007C1CE3 /* CustomCell.swift in Sources */,
				1B913B8428377D09007C1CE3 /* Storyboard.swift in Sources */,
				1B6542AA283772B800DD2350 /* MainViewController.swift in Sources */,
				1B6542C6283774D800DD2350 /* FirstScreenViewController.swift in Sources */,
				1B913B902837A2E8007C1CE3 /* RealmRepository.swift in Sources */,
				1B6542A6283772B800DD2350 /* AppDelegate.swift in Sources */,
				1B913B8028377913007C1CE3 /* RealmModel.swift in Sources */,
				1B6542A8283772B800DD2350 /* SceneDelegate.swift in Sources */,
				1B833D152838CAB1009015A0 /* SearchViewController.swift in Sources */,
				1B913B8828378394007C1CE3 /* MemoTableViewCell.swift in Sources */,
				1B913B8228377BAC007C1CE3 /* UserDefaults.swift in Sources */,
				1B833D122838A867009015A0 /* ViewController+Extentions.swift in Sources */,
				1B913B922837A375007C1CE3 /* MemoRealmManager.swift in Sources */,
				1B6542C92837753500DD2350 /* Const.swift in Sources */,
				1B913B952837A816007C1CE3 /* MemoEnums.swift in Sources */,
				1B913B7D283777E5007C1CE3 /* UserDefaultsManager.swift in Sources */,
				1B913B8E283785BC007C1CE3 /* Date+Extentions.swift in Sources */,
				1B6542CF283776B000DD2350 /* ContentViewController.swift in Sources */,
			);
			runOnlyForDeploymentPostprocessing = 0;
		};
/* End PBXSourcesBuildPhase section */

/* Begin PBXVariantGroup section */
		1B6542AB283772B800DD2350 /* Main.storyboard */ = {
			isa = PBXVariantGroup;
			children = (
				1B6542AC283772B800DD2350 /* Base */,
			);
			name = Main.storyboard;
			sourceTree = "<group>";
		};
		1B6542B0283772BB00DD2350 /* LaunchScreen.storyboard */ = {
			isa = PBXVariantGroup;
			children = (
				1B6542B1283772BB00DD2350 /* Base */,
			);
			name = LaunchScreen.storyboard;
			sourceTree = "<group>";
		};
/* End PBXVariantGroup section */

/* Begin XCBuildConfiguration section */
		1B6542B4283772BB00DD2350 /* Debug */ = {
			isa = XCBuildConfiguration;
			buildSettings = {
				ALWAYS_SEARCH_USER_PATHS = NO;
				CLANG_ANALYZER_NONNULL = YES;
				CLANG_ANALYZER_NUMBER_OBJECT_CONVERSION = YES_AGGRESSIVE;
				CLANG_CXX_LANGUAGE_STANDARD = "gnu++17";
				CLANG_ENABLE_MODULES = YES;
				CLANG_ENABLE_OBJC_ARC = YES;
				CLANG_ENABLE_OBJC_WEAK = YES;
				CLANG_WARN_BLOCK_CAPTURE_AUTORELEASING = YES;
				CLANG_WARN_BOOL_CONVERSION = YES;
				CLANG_WARN_COMMA = YES;
				CLANG_WARN_CONSTANT_CONVERSION = YES;
				CLANG_WARN_DEPRECATED_OBJC_IMPLEMENTATIONS = YES;
				CLANG_WARN_DIRECT_OBJC_ISA_USAGE = YES_ERROR;
				CLANG_WARN_DOCUMENTATION_COMMENTS = YES;
				CLANG_WARN_EMPTY_BODY = YES;
				CLANG_WARN_ENUM_CONVERSION = YES;
				CLANG_WARN_INFINITE_RECURSION = YES;
				CLANG_WARN_INT_CONVERSION = YES;
				CLANG_WARN_NON_LITERAL_NULL_CONVERSION = YES;
				CLANG_WARN_OBJC_IMPLICIT_RETAIN_SELF = YES;
				CLANG_WARN_OBJC_LITERAL_CONVERSION = YES;
				CLANG_WARN_OBJC_ROOT_CLASS = YES_ERROR;
				CLANG_WARN_QUOTED_INCLUDE_IN_FRAMEWORK_HEADER = YES;
				CLANG_WARN_RANGE_LOOP_ANALYSIS = YES;
				CLANG_WARN_STRICT_PROTOTYPES = YES;
				CLANG_WARN_SUSPICIOUS_MOVE = YES;
				CLANG_WARN_UNGUARDED_AVAILABILITY = YES_AGGRESSIVE;
				CLANG_WARN_UNREACHABLE_CODE = YES;
				CLANG_WARN__DUPLICATE_METHOD_MATCH = YES;
				COPY_PHASE_STRIP = NO;
				DEBUG_INFORMATION_FORMAT = dwarf;
				ENABLE_STRICT_OBJC_MSGSEND = YES;
				ENABLE_TESTABILITY = YES;
				GCC_C_LANGUAGE_STANDARD = gnu11;
				GCC_DYNAMIC_NO_PIC = NO;
				GCC_NO_COMMON_BLOCKS = YES;
				GCC_OPTIMIZATION_LEVEL = 0;
				GCC_PREPROCESSOR_DEFINITIONS = (
					"DEBUG=1",
					"$(inherited)",
				);
				GCC_WARN_64_TO_32_BIT_CONVERSION = YES;
				GCC_WARN_ABOUT_RETURN_TYPE = YES_ERROR;
				GCC_WARN_UNDECLARED_SELECTOR = YES;
				GCC_WARN_UNINITIALIZED_AUTOS = YES_AGGRESSIVE;
				GCC_WARN_UNUSED_FUNCTION = YES;
				GCC_WARN_UNUSED_VARIABLE = YES;
				IPHONEOS_DEPLOYMENT_TARGET = 13.0;
				MTL_ENABLE_DEBUG_INFO = INCLUDE_SOURCE;
				MTL_FAST_MATH = YES;
				ONLY_ACTIVE_ARCH = YES;
				SDKROOT = iphoneos;
				SWIFT_ACTIVE_COMPILATION_CONDITIONS = DEBUG;
				SWIFT_OPTIMIZATION_LEVEL = "-Onone";
			};
			name = Debug;
		};
		1B6542B5283772BB00DD2350 /* Release */ = {
			isa = XCBuildConfiguration;
			buildSettings = {
				ALWAYS_SEARCH_USER_PATHS = NO;
				CLANG_ANALYZER_NONNULL = YES;
				CLANG_ANALYZER_NUMBER_OBJECT_CONVERSION = YES_AGGRESSIVE;
				CLANG_CXX_LANGUAGE_STANDARD = "gnu++17";
				CLANG_ENABLE_MODULES = YES;
				CLANG_ENABLE_OBJC_ARC = YES;
				CLANG_ENABLE_OBJC_WEAK = YES;
				CLANG_WARN_BLOCK_CAPTURE_AUTORELEASING = YES;
				CLANG_WARN_BOOL_CONVERSION = YES;
				CLANG_WARN_COMMA = YES;
				CLANG_WARN_CONSTANT_CONVERSION = YES;
				CLANG_WARN_DEPRECATED_OBJC_IMPLEMENTATIONS = YES;
				CLANG_WARN_DIRECT_OBJC_ISA_USAGE = YES_ERROR;
				CLANG_WARN_DOCUMENTATION_COMMENTS = YES;
				CLANG_WARN_EMPTY_BODY = YES;
				CLANG_WARN_ENUM_CONVERSION = YES;
				CLANG_WARN_INFINITE_RECURSION = YES;
				CLANG_WARN_INT_CONVERSION = YES;
				CLANG_WARN_NON_LITERAL_NULL_CONVERSION = YES;
				CLANG_WARN_OBJC_IMPLICIT_RETAIN_SELF = YES;
				CLANG_WARN_OBJC_LITERAL_CONVERSION = YES;
				CLANG_WARN_OBJC_ROOT_CLASS = YES_ERROR;
				CLANG_WARN_QUOTED_INCLUDE_IN_FRAMEWORK_HEADER = YES;
				CLANG_WARN_RANGE_LOOP_ANALYSIS = YES;
				CLANG_WARN_STRICT_PROTOTYPES = YES;
				CLANG_WARN_SUSPICIOUS_MOVE = YES;
				CLANG_WARN_UNGUARDED_AVAILABILITY = YES_AGGRESSIVE;
				CLANG_WARN_UNREACHABLE_CODE = YES;
				CLANG_WARN__DUPLICATE_METHOD_MATCH = YES;
				COPY_PHASE_STRIP = NO;
				DEBUG_INFORMATION_FORMAT = "dwarf-with-dsym";
				ENABLE_NS_ASSERTIONS = NO;
				ENABLE_STRICT_OBJC_MSGSEND = YES;
				GCC_C_LANGUAGE_STANDARD = gnu11;
				GCC_NO_COMMON_BLOCKS = YES;
				GCC_WARN_64_TO_32_BIT_CONVERSION = YES;
				GCC_WARN_ABOUT_RETURN_TYPE = YES_ERROR;
				GCC_WARN_UNDECLARED_SELECTOR = YES;
				GCC_WARN_UNINITIALIZED_AUTOS = YES_AGGRESSIVE;
				GCC_WARN_UNUSED_FUNCTION = YES;
				GCC_WARN_UNUSED_VARIABLE = YES;
				IPHONEOS_DEPLOYMENT_TARGET = 13.0;
				MTL_ENABLE_DEBUG_INFO = NO;
				MTL_FAST_MATH = YES;
				SDKROOT = iphoneos;
				SWIFT_COMPILATION_MODE = wholemodule;
				SWIFT_OPTIMIZATION_LEVEL = "-O";
				VALIDATE_PRODUCT = YES;
			};
			name = Release;
		};
		1B6542B7283772BB00DD2350 /* Debug */ = {
			isa = XCBuildConfiguration;
			buildSettings = {
				ASSETCATALOG_COMPILER_APPICON_NAME = AppIcon;
				ASSETCATALOG_COMPILER_GLOBAL_ACCENT_COLOR_NAME = AccentColor;
				CODE_SIGN_STYLE = Automatic;
				CURRENT_PROJECT_VERSION = 1;
				GENERATE_INFOPLIST_FILE = YES;
				INFOPLIST_FILE = MyMemo/Info.plist;
				INFOPLIST_KEY_UIApplicationSupportsIndirectInputEvents = YES;
				INFOPLIST_KEY_UILaunchStoryboardName = LaunchScreen;
				INFOPLIST_KEY_UIMainStoryboardFile = Main;
				INFOPLIST_KEY_UISupportedInterfaceOrientations_iPad = "UIInterfaceOrientationPortrait UIInterfaceOrientationPortraitUpsideDown UIInterfaceOrientationLandscapeLeft UIInterfaceOrientationLandscapeRight";
				INFOPLIST_KEY_UISupportedInterfaceOrientations_iPhone = "UIInterfaceOrientationPortrait UIInterfaceOrientationLandscapeLeft UIInterfaceOrientationLandscapeRight";
				LD_RUNPATH_SEARCH_PATHS = (
					"$(inherited)",
					"@executable_path/Frameworks",
				);
				MARKETING_VERSION = 1.0;
				PRODUCT_BUNDLE_IDENTIFIER = com.bro.MyMemo;
				PRODUCT_NAME = "$(TARGET_NAME)";
				SWIFT_EMIT_LOC_STRINGS = YES;
				SWIFT_VERSION = 5.0;
				TARGETED_DEVICE_FAMILY = "1,2";
			};
			name = Debug;
		};
		1B6542B8283772BB00DD2350 /* Release */ = {
			isa = XCBuildConfiguration;
			buildSettings = {
				ASSETCATALOG_COMPILER_APPICON_NAME = AppIcon;
				ASSETCATALOG_COMPILER_GLOBAL_ACCENT_COLOR_NAME = AccentColor;
				CODE_SIGN_STYLE = Automatic;
				CURRENT_PROJECT_VERSION = 1;
				GENERATE_INFOPLIST_FILE = YES;
				INFOPLIST_FILE = MyMemo/Info.plist;
				INFOPLIST_KEY_UIApplicationSupportsIndirectInputEvents = YES;
				INFOPLIST_KEY_UILaunchStoryboardName = LaunchScreen;
				INFOPLIST_KEY_UIMainStoryboardFile = Main;
				INFOPLIST_KEY_UISupportedInterfaceOrientations_iPad = "UIInterfaceOrientationPortrait UIInterfaceOrientationPortraitUpsideDown UIInterfaceOrientationLandscapeLeft UIInterfaceOrientationLandscapeRight";
				INFOPLIST_KEY_UISupportedInterfaceOrientations_iPhone = "UIInterfaceOrientationPortrait UIInterfaceOrientationLandscapeLeft UIInterfaceOrientationLandscapeRight";
				LD_RUNPATH_SEARCH_PATHS = (
					"$(inherited)",
					"@executable_path/Frameworks",
				);
				MARKETING_VERSION = 1.0;
				PRODUCT_BUNDLE_IDENTIFIER = com.bro.MyMemo;
				PRODUCT_NAME = "$(TARGET_NAME)";
				SWIFT_EMIT_LOC_STRINGS = YES;
				SWIFT_VERSION = 5.0;
				TARGETED_DEVICE_FAMILY = "1,2";
			};
			name = Release;
		};
/* End XCBuildConfiguration section */

/* Begin XCConfigurationList section */
		1B65429D283772B800DD2350 /* Build configuration list for PBXProject "MyMemo" */ = {
			isa = XCConfigurationList;
			buildConfigurations = (
				1B6542B4283772BB00DD2350 /* Debug */,
				1B6542B5283772BB00DD2350 /* Release */,
			);
			defaultConfigurationIsVisible = 0;
			defaultConfigurationName = Release;
		};
		1B6542B6283772BB00DD2350 /* Build configuration list for PBXNativeTarget "MyMemo" */ = {
			isa = XCConfigurationList;
			buildConfigurations = (
				1B6542B7283772BB00DD2350 /* Debug */,
				1B6542B8283772BB00DD2350 /* Release */,
			);
			defaultConfigurationIsVisible = 0;
			defaultConfigurationName = Release;
		};
/* End XCConfigurationList section */

/* Begin XCRemoteSwiftPackageReference section */
		1B6542B92837731800DD2350 /* XCRemoteSwiftPackageReference "realm-swift" */ = {
			isa = XCRemoteSwiftPackageReference;
			repositoryURL = "https://github.com/realm/realm-swift.git";
			requirement = {
				kind = upToNextMajorVersion;
				minimumVersion = 10.18.0;
			};
		};
		1B6542BE2837733600DD2350 /* XCRemoteSwiftPackageReference "IQKeyboardManager" */ = {
			isa = XCRemoteSwiftPackageReference;
			repositoryURL = "https://github.com/hackiftekhar/IQKeyboardManager.git";
			requirement = {
				branch = master;
				kind = branch;
			};
		};
		1B833D0E2838A335009015A0 /* XCRemoteSwiftPackageReference "Toast-Swift" */ = {
			isa = XCRemoteSwiftPackageReference;
			repositoryURL = "https://github.com/scalessec/Toast-Swift.git";
			requirement = {
				branch = master;
				kind = branch;
			};
		};
/* End XCRemoteSwiftPackageReference section */

/* Begin XCSwiftPackageProductDependency section */
		1B6542BA2837731800DD2350 /* Realm */ = {
			isa = XCSwiftPackageProductDependency;
			package = 1B6542B92837731800DD2350 /* XCRemoteSwiftPackageReference "realm-swift" */;
			productName = Realm;
		};
		1B6542BC2837731800DD2350 /* RealmSwift */ = {
			isa = XCSwiftPackageProductDependency;
			package = 1B6542B92837731800DD2350 /* XCRemoteSwiftPackageReference "realm-swift" */;
			productName = RealmSwift;
		};
		1B6542BF2837733600DD2350 /* IQKeyboardManagerSwift */ = {
			isa = XCSwiftPackageProductDependency;
			package = 1B6542BE2837733600DD2350 /* XCRemoteSwiftPackageReference "IQKeyboardManager" */;
			productName = IQKeyboardManagerSwift;
		};
		1B833D0F2838A335009015A0 /* Toast */ = {
			isa = XCSwiftPackageProductDependency;
			package = 1B833D0E2838A335009015A0 /* XCRemoteSwiftPackageReference "Toast-Swift" */;
			productName = Toast;
		};
/* End XCSwiftPackageProductDependency section */
	};
	rootObject = 1B65429A283772B800DD2350 /* Project object */;
}
